// !$*UTF8*$!
{
	archiveVersion = 1;
	classes = {
	};
	objectVersion = 56;
	objects = {

/* Begin PBXBuildFile section */
		F72FC82E29D4D94E00D35B1B /* AppDelegate.swift in Sources */ = {isa = PBXBuildFile; fileRef = F72FC82D29D4D94E00D35B1B /* AppDelegate.swift */; };
		F72FC83029D4D94E00D35B1B /* SceneDelegate.swift in Sources */ = {isa = PBXBuildFile; fileRef = F72FC82F29D4D94E00D35B1B /* SceneDelegate.swift */; };
		F72FC83229D4D94E00D35B1B /* NextController.swift in Sources */ = {isa = PBXBuildFile; fileRef = F72FC83129D4D94E00D35B1B /* NextController.swift */; };
		F72FC83729D4D94E00D35B1B /* Assets.xcassets in Resources */ = {isa = PBXBuildFile; fileRef = F72FC83629D4D94E00D35B1B /* Assets.xcassets */; };
		F72FC83A29D4D94E00D35B1B /* LaunchScreen.storyboard in Resources */ = {isa = PBXBuildFile; fileRef = F72FC83829D4D94E00D35B1B /* LaunchScreen.storyboard */; };
		F72FC84329D4D99300D35B1B /* TinyConstraints in Frameworks */ = {isa = PBXBuildFile; productRef = F72FC84229D4D99300D35B1B /* TinyConstraints */; };
		F72FC84629D4D9BB00D35B1B /* KeychainAccess in Frameworks */ = {isa = PBXBuildFile; productRef = F72FC84529D4D9BB00D35B1B /* KeychainAccess */; };
		F72FC84A29D4DA7F00D35B1B /* TabBarController.swift in Sources */ = {isa = PBXBuildFile; fileRef = F72FC84929D4DA7F00D35B1B /* TabBarController.swift */; };
		F72FC84D29D4DC3400D35B1B /* FileViewController.swift in Sources */ = {isa = PBXBuildFile; fileRef = F72FC84C29D4DC3400D35B1B /* FileViewController.swift */; };
		F72FC84F29D4DC6500D35B1B /* SettingsViewController.swift in Sources */ = {isa = PBXBuildFile; fileRef = F72FC84E29D4DC6500D35B1B /* SettingsViewController.swift */; };
		F72FC85129D4DC9800D35B1B /* LoginViewController.swift in Sources */ = {isa = PBXBuildFile; fileRef = F72FC85029D4DC9800D35B1B /* LoginViewController.swift */; };
		F72FC85429D4DCE500D35B1B /* TextPicker.swift in Sources */ = {isa = PBXBuildFile; fileRef = F72FC85329D4DCE500D35B1B /* TextPicker.swift */; };
/* End PBXBuildFile section */

/* Begin PBXFileReference section */
		F72FC82A29D4D94E00D35B1B /* FileManager.app */ = {isa = PBXFileReference; explicitFileType = wrapper.application; includeInIndex = 0; path = FileManager.app; sourceTree = BUILT_PRODUCTS_DIR; };
		F72FC82D29D4D94E00D35B1B /* AppDelegate.swift */ = {isa = PBXFileReference; lastKnownFileType = sourcecode.swift; path = AppDelegate.swift; sourceTree = "<group>"; };
		F72FC82F29D4D94E00D35B1B /* SceneDelegate.swift */ = {isa = PBXFileReference; lastKnownFileType = sourcecode.swift; path = SceneDelegate.swift; sourceTree = "<group>"; };
		F72FC83129D4D94E00D35B1B /* NextController.swift */ = {isa = PBXFileReference; lastKnownFileType = sourcecode.swift; path = NextController.swift; sourceTree = "<group>"; };
		F72FC83629D4D94E00D35B1B /* Assets.xcassets */ = {isa = PBXFileReference; lastKnownFileType = folder.assetcatalog; path = Assets.xcassets; sourceTree = "<group>"; };
		F72FC83929D4D94E00D35B1B /* Base */ = {isa = PBXFileReference; lastKnownFileType = file.storyboard; name = Base; path = Base.lproj/LaunchScreen.storyboard; sourceTree = "<group>"; };
		F72FC83B29D4D94E00D35B1B /* Info.plist */ = {isa = PBXFileReference; lastKnownFileType = text.plist.xml; path = Info.plist; sourceTree = "<group>"; };
		F72FC84929D4DA7F00D35B1B /* TabBarController.swift */ = {isa = PBXFileReference; lastKnownFileType = sourcecode.swift; path = TabBarController.swift; sourceTree = "<group>"; };
		F72FC84C29D4DC3400D35B1B /* FileViewController.swift */ = {isa = PBXFileReference; lastKnownFileType = sourcecode.swift; path = FileViewController.swift; sourceTree = "<group>"; };
		F72FC84E29D4DC6500D35B1B /* SettingsViewController.swift */ = {isa = PBXFileReference; lastKnownFileType = sourcecode.swift; path = SettingsViewController.swift; sourceTree = "<group>"; };
		F72FC85029D4DC9800D35B1B /* LoginViewController.swift */ = {isa = PBXFileReference; lastKnownFileType = sourcecode.swift; path = LoginViewController.swift; sourceTree = "<group>"; };
		F72FC85329D4DCE500D35B1B /* TextPicker.swift */ = {isa = PBXFileReference; lastKnownFileType = sourcecode.swift; path = TextPicker.swift; sourceTree = "<group>"; };
/* End PBXFileReference section */

/* Begin PBXFrameworksBuildPhase section */
		F72FC82729D4D94E00D35B1B /* Frameworks */ = {
			isa = PBXFrameworksBuildPhase;
			buildActionMask = 2147483647;
			files = (
				F72FC84629D4D9BB00D35B1B /* KeychainAccess in Frameworks */,
				F72FC84329D4D99300D35B1B /* TinyConstraints in Frameworks */,
			);
			runOnlyForDeploymentPostprocessing = 0;
		};
/* End PBXFrameworksBuildPhase section */

/* Begin PBXGroup section */
		F72FC82129D4D94E00D35B1B = {
			isa = PBXGroup;
			children = (
				F72FC82C29D4D94E00D35B1B /* FileManager */,
				F72FC82B29D4D94E00D35B1B /* Products */,
			);
			sourceTree = "<group>";
		};
		F72FC82B29D4D94E00D35B1B /* Products */ = {
			isa = PBXGroup;
			children = (
				F72FC82A29D4D94E00D35B1B /* FileManager.app */,
			);
			name = Products;
			sourceTree = "<group>";
		};
		F72FC82C29D4D94E00D35B1B /* FileManager */ = {
			isa = PBXGroup;
			children = (
				F72FC84829D4DA6A00D35B1B /* TabBar */,
				F72FC84729D4D9D700D35B1B /* ApplicationLayer */,
				F72FC85229D4DCD200D35B1B /* Model */,
				F72FC84B29D4DC2100D35B1B /* Controllers */,
				F72FC83129D4D94E00D35B1B /* NextController.swift */,
				F72FC83629D4D94E00D35B1B /* Assets.xcassets */,
				F72FC83829D4D94E00D35B1B /* LaunchScreen.storyboard */,
				F72FC83B29D4D94E00D35B1B /* Info.plist */,
			);
			path = FileManager;
			sourceTree = "<group>";
		};
		F72FC84729D4D9D700D35B1B /* ApplicationLayer */ = {
			isa = PBXGroup;
			children = (
				F72FC82D29D4D94E00D35B1B /* AppDelegate.swift */,
				F72FC82F29D4D94E00D35B1B /* SceneDelegate.swift */,
			);
			path = ApplicationLayer;
			sourceTree = "<group>";
		};
		F72FC84829D4DA6A00D35B1B /* TabBar */ = {
			isa = PBXGroup;
			children = (
				F72FC84929D4DA7F00D35B1B /* TabBarController.swift */,
			);
			path = TabBar;
			sourceTree = "<group>";
		};
		F72FC84B29D4DC2100D35B1B /* Controllers */ = {
			isa = PBXGroup;
			children = (
				F72FC84C29D4DC3400D35B1B /* FileViewController.swift */,
				F72FC84E29D4DC6500D35B1B /* SettingsViewController.swift */,
				F72FC85029D4DC9800D35B1B /* LoginViewController.swift */,
			);
			path = Controllers;
			sourceTree = "<group>";
		};
		F72FC85229D4DCD200D35B1B /* Model */ = {
			isa = PBXGroup;
			children = (
				F72FC85329D4DCE500D35B1B /* TextPicker.swift */,
			);
			path = Model;
			sourceTree = "<group>";
		};
/* End PBXGroup section */

/* Begin PBXNativeTarget section */
		F72FC82929D4D94E00D35B1B /* FileManager */ = {
			isa = PBXNativeTarget;
			buildConfigurationList = F72FC83E29D4D94E00D35B1B /* Build configuration list for PBXNativeTarget "FileManager" */;
			buildPhases = (
				F72FC82629D4D94E00D35B1B /* Sources */,
				F72FC82729D4D94E00D35B1B /* Frameworks */,
				F72FC82829D4D94E00D35B1B /* Resources */,
			);
			buildRules = (
			);
			dependencies = (
			);
			name = FileManager;
			packageProductDependencies = (
				F72FC84229D4D99300D35B1B /* TinyConstraints */,
				F72FC84529D4D9BB00D35B1B /* KeychainAccess */,
			);
			productName = FileManager;
			productReference = F72FC82A29D4D94E00D35B1B /* FileManager.app */;
			productType = "com.apple.product-type.application";
		};
/* End PBXNativeTarget section */

/* Begin PBXProject section */
		F72FC82229D4D94E00D35B1B /* Project object */ = {
			isa = PBXProject;
			attributes = {
				BuildIndependentTargetsInParallel = 1;
				LastSwiftUpdateCheck = 1400;
				LastUpgradeCheck = 1400;
				TargetAttributes = {
					F72FC82929D4D94E00D35B1B = {
						CreatedOnToolsVersion = 14.0;
					};
				};
			};
			buildConfigurationList = F72FC82529D4D94E00D35B1B /* Build configuration list for PBXProject "FileManager" */;
			compatibilityVersion = "Xcode 14.0";
			developmentRegion = en;
			hasScannedForEncodings = 0;
			knownRegions = (
				en,
				Base,
			);
			mainGroup = F72FC82129D4D94E00D35B1B;
			packageReferences = (
				F72FC84129D4D99300D35B1B /* XCRemoteSwiftPackageReference "TinyConstraints" */,
				F72FC84429D4D9BB00D35B1B /* XCRemoteSwiftPackageReference "KeychainAccess" */,
			);
			productRefGroup = F72FC82B29D4D94E00D35B1B /* Products */;
			projectDirPath = "";
			projectRoot = "";
			targets = (
				F72FC82929D4D94E00D35B1B /* FileManager */,
			);
		};
/* End PBXProject section */

/* Begin PBXResourcesBuildPhase section */
		F72FC82829D4D94E00D35B1B /* Resources */ = {
			isa = PBXResourcesBuildPhase;
			buildActionMask = 2147483647;
			files = (
				F72FC83A29D4D94E00D35B1B /* LaunchScreen.storyboard in Resources */,
				F72FC83729D4D94E00D35B1B /* Assets.xcassets in Resources */,
			);
			runOnlyForDeploymentPostprocessing = 0;
		};
/* End PBXResourcesBuildPhase section */

/* Begin PBXSourcesBuildPhase section */
		F72FC82629D4D94E00D35B1B /* Sources */ = {
			isa = PBXSourcesBuildPhase;
			buildActionMask = 2147483647;
			files = (
				F72FC85129D4DC9800D35B1B /* LoginViewController.swift in Sources */,
				F72FC83229D4D94E00D35B1B /* NextController.swift in Sources */,
				F72FC84D29D4DC3400D35B1B /* FileViewController.swift in Sources */,
				F72FC84A29D4DA7F00D35B1B /* TabBarController.swift in Sources */,
				F72FC82E29D4D94E00D35B1B /* AppDelegate.swift in Sources */,
				F72FC83029D4D94E00D35B1B /* SceneDelegate.swift in Sources */,
				F72FC85429D4DCE500D35B1B /* TextPicker.swift in Sources */,
				F72FC84F29D4DC6500D35B1B /* SettingsViewController.swift in Sources */,
			);
			runOnlyForDeploymentPostprocessing = 0;
		};
/* End PBXSourcesBuildPhase section */

/* Begin PBXVariantGroup section */
		F72FC83829D4D94E00D35B1B /* LaunchScreen.storyboard */ = {
			isa = PBXVariantGroup;
			children = (
				F72FC83929D4D94E00D35B1B /* Base */,
			);
			name = LaunchScreen.storyboard;
			sourceTree = "<group>";
		};
/* End PBXVariantGroup section */

/* Begin XCBuildConfiguration section */
		F72FC83C29D4D94E00D35B1B /* Debug */ = {
			isa = XCBuildConfiguration;
			buildSettings = {
				ALWAYS_SEARCH_USER_PATHS = NO;
				CLANG_ANALYZER_NONNULL = YES;
				CLANG_ANALYZER_NUMBER_OBJECT_CONVERSION = YES_AGGRESSIVE;
				CLANG_CXX_LANGUAGE_STANDARD = "gnu++20";
				CLANG_ENABLE_MODULES = YES;
				CLANG_ENABLE_OBJC_ARC = YES;
				CLANG_ENABLE_OBJC_WEAK = YES;
				CLANG_WARN_BLOCK_CAPTURE_AUTORELEASING = YES;
				CLANG_WARN_BOOL_CONVERSION = YES;
				CLANG_WARN_COMMA = YES;
				CLANG_WARN_CONSTANT_CONVERSION = YES;
				CLANG_WARN_DEPRECATED_OBJC_IMPLEMENTATIONS = YES;
				CLANG_WARN_DIRECT_OBJC_ISA_USAGE = YES_ERROR;
				CLANG_WARN_DOCUMENTATION_COMMENTS = YES;
				CLANG_WARN_EMPTY_BODY = YES;
				CLANG_WARN_ENUM_CONVERSION = YES;
				CLANG_WARN_INFINITE_RECURSION = YES;
				CLANG_WARN_INT_CONVERSION = YES;
				CLANG_WARN_NON_LITERAL_NULL_CONVERSION = YES;
				CLANG_WARN_OBJC_IMPLICIT_RETAIN_SELF = YES;
				CLANG_WARN_OBJC_LITERAL_CONVERSION = YES;
				CLANG_WARN_OBJC_ROOT_CLASS = YES_ERROR;
				CLANG_WARN_QUOTED_INCLUDE_IN_FRAMEWORK_HEADER = YES;
				CLANG_WARN_RANGE_LOOP_ANALYSIS = YES;
				CLANG_WARN_STRICT_PROTOTYPES = YES;
				CLANG_WARN_SUSPICIOUS_MOVE = YES;
				CLANG_WARN_UNGUARDED_AVAILABILITY = YES_AGGRESSIVE;
				CLANG_WARN_UNREACHABLE_CODE = YES;
				CLANG_WARN__DUPLICATE_METHOD_MATCH = YES;
				COPY_PHASE_STRIP = NO;
				DEBUG_INFORMATION_FORMAT = dwarf;
				ENABLE_STRICT_OBJC_MSGSEND = YES;
				ENABLE_TESTABILITY = YES;
				GCC_C_LANGUAGE_STANDARD = gnu11;
				GCC_DYNAMIC_NO_PIC = NO;
				GCC_NO_COMMON_BLOCKS = YES;
				GCC_OPTIMIZATION_LEVEL = 0;
				GCC_PREPROCESSOR_DEFINITIONS = (
					"DEBUG=1",
					"$(inherited)",
				);
				GCC_WARN_64_TO_32_BIT_CONVERSION = YES;
				GCC_WARN_ABOUT_RETURN_TYPE = YES_ERROR;
				GCC_WARN_UNDECLARED_SELECTOR = YES;
				GCC_WARN_UNINITIALIZED_AUTOS = YES_AGGRESSIVE;
				GCC_WARN_UNUSED_FUNCTION = YES;
				GCC_WARN_UNUSED_VARIABLE = YES;
				IPHONEOS_DEPLOYMENT_TARGET = 16.0;
				MTL_ENABLE_DEBUG_INFO = INCLUDE_SOURCE;
				MTL_FAST_MATH = YES;
				ONLY_ACTIVE_ARCH = YES;
				SDKROOT = iphoneos;
				SWIFT_ACTIVE_COMPILATION_CONDITIONS = DEBUG;
				SWIFT_OPTIMIZATION_LEVEL = "-Onone";
			};
			name = Debug;
		};
		F72FC83D29D4D94E00D35B1B /* Release */ = {
			isa = XCBuildConfiguration;
			buildSettings = {
				ALWAYS_SEARCH_USER_PATHS = NO;
				CLANG_ANALYZER_NONNULL = YES;
				CLANG_ANALYZER_NUMBER_OBJECT_CONVERSION = YES_AGGRESSIVE;
				CLANG_CXX_LANGUAGE_STANDARD = "gnu++20";
				CLANG_ENABLE_MODULES = YES;
				CLANG_ENABLE_OBJC_ARC = YES;
				CLANG_ENABLE_OBJC_WEAK = YES;
				CLANG_WARN_BLOCK_CAPTURE_AUTORELEASING = YES;
				CLANG_WARN_BOOL_CONVERSION = YES;
				CLANG_WARN_COMMA = YES;
				CLANG_WARN_CONSTANT_CONVERSION = YES;
				CLANG_WARN_DEPRECATED_OBJC_IMPLEMENTATIONS = YES;
				CLANG_WARN_DIRECT_OBJC_ISA_USAGE = YES_ERROR;
				CLANG_WARN_DOCUMENTATION_COMMENTS = YES;
				CLANG_WARN_EMPTY_BODY = YES;
				CLANG_WARN_ENUM_CONVERSION = YES;
				CLANG_WARN_INFINITE_RECURSION = YES;
				CLANG_WARN_INT_CONVERSION = YES;
				CLANG_WARN_NON_LITERAL_NULL_CONVERSION = YES;
				CLANG_WARN_OBJC_IMPLICIT_RETAIN_SELF = YES;
				CLANG_WARN_OBJC_LITERAL_CONVERSION = YES;
				CLANG_WARN_OBJC_ROOT_CLASS = YES_ERROR;
				CLANG_WARN_QUOTED_INCLUDE_IN_FRAMEWORK_HEADER = YES;
				CLANG_WARN_RANGE_LOOP_ANALYSIS = YES;
				CLANG_WARN_STRICT_PROTOTYPES = YES;
				CLANG_WARN_SUSPICIOUS_MOVE = YES;
				CLANG_WARN_UNGUARDED_AVAILABILITY = YES_AGGRESSIVE;
				CLANG_WARN_UNREACHABLE_CODE = YES;
				CLANG_WARN__DUPLICATE_METHOD_MATCH = YES;
				COPY_PHASE_STRIP = NO;
				DEBUG_INFORMATION_FORMAT = "dwarf-with-dsym";
				ENABLE_NS_ASSERTIONS = NO;
				ENABLE_STRICT_OBJC_MSGSEND = YES;
				GCC_C_LANGUAGE_STANDARD = gnu11;
				GCC_NO_COMMON_BLOCKS = YES;
				GCC_WARN_64_TO_32_BIT_CONVERSION = YES;
				GCC_WARN_ABOUT_RETURN_TYPE = YES_ERROR;
				GCC_WARN_UNDECLARED_SELECTOR = YES;
				GCC_WARN_UNINITIALIZED_AUTOS = YES_AGGRESSIVE;
				GCC_WARN_UNUSED_FUNCTION = YES;
				GCC_WARN_UNUSED_VARIABLE = YES;
				IPHONEOS_DEPLOYMENT_TARGET = 16.0;
				MTL_ENABLE_DEBUG_INFO = NO;
				MTL_FAST_MATH = YES;
				SDKROOT = iphoneos;
				SWIFT_COMPILATION_MODE = wholemodule;
				SWIFT_OPTIMIZATION_LEVEL = "-O";
				VALIDATE_PRODUCT = YES;
			};
			name = Release;
		};
		F72FC83F29D4D94E00D35B1B /* Debug */ = {
			isa = XCBuildConfiguration;
			buildSettings = {
				ASSETCATALOG_COMPILER_APPICON_NAME = AppIcon;
				ASSETCATALOG_COMPILER_GLOBAL_ACCENT_COLOR_NAME = AccentColor;
				CODE_SIGN_STYLE = Automatic;
				CURRENT_PROJECT_VERSION = 1;
				GENERATE_INFOPLIST_FILE = YES;
				INFOPLIST_FILE = FileManager/Info.plist;
				INFOPLIST_KEY_UIApplicationSupportsIndirectInputEvents = YES;
				INFOPLIST_KEY_UILaunchStoryboardName = LaunchScreen;
				INFOPLIST_KEY_UIMainStoryboardFile = "";
				INFOPLIST_KEY_UISupportedInterfaceOrientations = UIInterfaceOrientationPortrait;
				INFOPLIST_KEY_UISupportedInterfaceOrientations_iPad = "UIInterfaceOrientationLandscapeLeft UIInterfaceOrientationLandscapeRight UIInterfaceOrientationPortrait UIInterfaceOrientationPortraitUpsideDown";
				IPHONEOS_DEPLOYMENT_TARGET = 15.0;
				LD_RUNPATH_SEARCH_PATHS = (
					"$(inherited)",
					"@executable_path/Frameworks",
				);
				MARKETING_VERSION = 1.0;
				PRODUCT_BUNDLE_IDENTIFIER = "rorshix97-gmail.com.FileManager";
				PRODUCT_NAME = "$(TARGET_NAME)";
				SUPPORTED_PLATFORMS = "iphoneos iphonesimulator";
				SUPPORTS_MACCATALYST = NO;
				SUPPORTS_MAC_DESIGNED_FOR_IPHONE_IPAD = NO;
				SWIFT_EMIT_LOC_STRINGS = YES;
				SWIFT_VERSION = 5.0;
				TARGETED_DEVICE_FAMILY = 1;
			};
			name = Debug;
		};
		F72FC84029D4D94E00D35B1B /* Release */ = {
			isa = XCBuildConfiguration;
			buildSettings = {
				ASSETCATALOG_COMPILER_APPICON_NAME = AppIcon;
				ASSETCATALOG_COMPILER_GLOBAL_ACCENT_COLOR_NAME = AccentColor;
				CODE_SIGN_STYLE = Automatic;
				CURRENT_PROJECT_VERSION = 1;
				GENERATE_INFOPLIST_FILE = YES;
				INFOPLIST_FILE = FileManager/Info.plist;
				INFOPLIST_KEY_UIApplicationSupportsIndirectInputEvents = YES;
				INFOPLIST_KEY_UILaunchStoryboardName = LaunchScreen;
				INFOPLIST_KEY_UIMainStoryboardFile = "";
				INFOPLIST_KEY_UISupportedInterfaceOrientations = UIInterfaceOrientationPortrait;
				INFOPLIST_KEY_UISupportedInterfaceOrientations_iPad = "UIInterfaceOrientationLandscapeLeft UIInterfaceOrientationLandscapeRight UIInterfaceOrientationPortrait UIInterfaceOrientationPortraitUpsideDown";
				IPHONEOS_DEPLOYMENT_TARGET = 15.0;
				LD_RUNPATH_SEARCH_PATHS = (
					"$(inherited)",
					"@executable_path/Frameworks",
				);
				MARKETING_VERSION = 1.0;
				PRODUCT_BUNDLE_IDENTIFIER = "rorshix97-gmail.com.FileManager";
				PRODUCT_NAME = "$(TARGET_NAME)";
				SUPPORTED_PLATFORMS = "iphoneos iphonesimulator";
				SUPPORTS_MACCATALYST = NO;
				SUPPORTS_MAC_DESIGNED_FOR_IPHONE_IPAD = NO;
				SWIFT_EMIT_LOC_STRINGS = YES;
				SWIFT_VERSION = 5.0;
				TARGETED_DEVICE_FAMILY = 1;
			};
			name = Release;
		};
/* End XCBuildConfiguration section */

/* Begin XCConfigurationList section */
		F72FC82529D4D94E00D35B1B /* Build configuration list for PBXProject "FileManager" */ = {
			isa = XCConfigurationList;
			buildConfigurations = (
				F72FC83C29D4D94E00D35B1B /* Debug */,
				F72FC83D29D4D94E00D35B1B /* Release */,
			);
			defaultConfigurationIsVisible = 0;
			defaultConfigurationName = Release;
		};
		F72FC83E29D4D94E00D35B1B /* Build configuration list for PBXNativeTarget "FileManager" */ = {
			isa = XCConfigurationList;
			buildConfigurations = (
				F72FC83F29D4D94E00D35B1B /* Debug */,
				F72FC84029D4D94E00D35B1B /* Release */,
			);
			defaultConfigurationIsVisible = 0;
			defaultConfigurationName = Release;
		};
/* End XCConfigurationList section */

/* Begin XCRemoteSwiftPackageReference section */
		F72FC84129D4D99300D35B1B /* XCRemoteSwiftPackageReference "TinyConstraints" */ = {
			isa = XCRemoteSwiftPackageReference;
			repositoryURL = "https://github.com/roberthein/TinyConstraints";
			requirement = {
				kind = upToNextMajorVersion;
				minimumVersion = 4.0.0;
			};
		};
		F72FC84429D4D9BB00D35B1B /* XCRemoteSwiftPackageReference "KeychainAccess" */ = {
			isa = XCRemoteSwiftPackageReference;
			repositoryURL = "https://github.com/kishikawakatsumi/KeychainAccess";
			requirement = {
				kind = upToNextMajorVersion;
				minimumVersion = 4.2.2;
			};
		};
/* End XCRemoteSwiftPackageReference section */

/* Begin XCSwiftPackageProductDependency section */
		F72FC84229D4D99300D35B1B /* TinyConstraints */ = {
			isa = XCSwiftPackageProductDependency;
			package = F72FC84129D4D99300D35B1B /* XCRemoteSwiftPackageReference "TinyConstraints" */;
			productName = TinyConstraints;
		};
		F72FC84529D4D9BB00D35B1B /* KeychainAccess */ = {
			isa = XCSwiftPackageProductDependency;
			package = F72FC84429D4D9BB00D35B1B /* XCRemoteSwiftPackageReference "KeychainAccess" */;
			productName = KeychainAccess;
		};
/* End XCSwiftPackageProductDependency section */
	};
	rootObject = F72FC82229D4D94E00D35B1B /* Project object */;
}
